
Microsoft Visual Studio Solution File, Format Version 12.00
# Visual Studio 15
VisualStudioVersion = 15.0.28010.2003
MinimumVisualStudioVersion = 10.0.40219.1
Project("{FAE04EC0-301F-11D3-BF4B-00C04F79EFBC}") = "UrhoPHPTest", "UrhoPHPTest\UrhoPHPTest.csproj", "{C2262CCC-B674-4975-88D9-A55EBB04DCC6}"
EndProject
Project("{9A19103F-16F7-4668-BE54-9A1E7A4F7556}") = "PHPUtilityLib", "PHPUtilityLib\PHPUtilityLib.csproj", "{008C90D2-0EB3-4A6A-B6E0-F4B81E5F407A}"
EndProject
<<<<<<< HEAD
Project("{13B669BE-BB05-4DDF-9536-439F39A36129}") = "PHPLib", "PHPLib\PHPLib.msbuildproj", "{DC911582-74C0-4633-9973-2BDC345FEC0B}"
=======
Project("{9A19103F-16F7-4668-BE54-9A1E7A4F7556}") = "PhpLib", "PhpLib\PhpLib.msbuildproj", "{008C90D2-0EB3-4A6A-B6E0-F4B81E5F407B}"
>>>>>>> 4d6490ff63d4ae84c9a404f69671a326cc6248f3
EndProject
Global
	GlobalSection(SolutionConfigurationPlatforms) = preSolution
		Debug|Any CPU = Debug|Any CPU
		Release|Any CPU = Release|Any CPU
	EndGlobalSection
	GlobalSection(ProjectConfigurationPlatforms) = postSolution
		{C2262CCC-B674-4975-88D9-A55EBB04DCC6}.Debug|Any CPU.ActiveCfg = Debug|Any CPU
		{C2262CCC-B674-4975-88D9-A55EBB04DCC6}.Debug|Any CPU.Build.0 = Debug|Any CPU
		{C2262CCC-B674-4975-88D9-A55EBB04DCC6}.Debug|Any CPU.Deploy.0 = Debug|Any CPU
		{C2262CCC-B674-4975-88D9-A55EBB04DCC6}.Release|Any CPU.ActiveCfg = Release|Any CPU
		{C2262CCC-B674-4975-88D9-A55EBB04DCC6}.Release|Any CPU.Build.0 = Release|Any CPU
		{C2262CCC-B674-4975-88D9-A55EBB04DCC6}.Release|Any CPU.Deploy.0 = Release|Any CPU
		{008C90D2-0EB3-4A6A-B6E0-F4B81E5F407A}.Debug|Any CPU.ActiveCfg = Debug|Any CPU
		{008C90D2-0EB3-4A6A-B6E0-F4B81E5F407A}.Debug|Any CPU.Build.0 = Debug|Any CPU
		{008C90D2-0EB3-4A6A-B6E0-F4B81E5F407A}.Release|Any CPU.ActiveCfg = Release|Any CPU
		{008C90D2-0EB3-4A6A-B6E0-F4B81E5F407A}.Release|Any CPU.Build.0 = Release|Any CPU
<<<<<<< HEAD
		{DC911582-74C0-4633-9973-2BDC345FEC0B}.Debug|Any CPU.ActiveCfg = Debug|Any CPU
		{DC911582-74C0-4633-9973-2BDC345FEC0B}.Debug|Any CPU.Build.0 = Debug|Any CPU
		{DC911582-74C0-4633-9973-2BDC345FEC0B}.Release|Any CPU.ActiveCfg = Release|Any CPU
		{DC911582-74C0-4633-9973-2BDC345FEC0B}.Release|Any CPU.Build.0 = Release|Any CPU
=======
		{008C90D2-0EB3-4A6A-B6E0-F4B81E5F407B}.Debug|Any CPU.ActiveCfg = Debug|Any CPU
		{008C90D2-0EB3-4A6A-B6E0-F4B81E5F407B}.Debug|Any CPU.Build.0 = Debug|Any CPU
		{008C90D2-0EB3-4A6A-B6E0-F4B81E5F407B}.Release|Any CPU.ActiveCfg = Release|Any CPU
		{008C90D2-0EB3-4A6A-B6E0-F4B81E5F407B}.Release|Any CPU.Build.0 = Release|Any CPU
>>>>>>> 4d6490ff63d4ae84c9a404f69671a326cc6248f3
	EndGlobalSection
	GlobalSection(SolutionProperties) = preSolution
		HideSolutionNode = FALSE
	EndGlobalSection
	GlobalSection(ExtensibilityGlobals) = postSolution
		SolutionGuid = {1A6B3A63-55F2-4677-B505-D116125920A3}
	EndGlobalSection
EndGlobal
